
Microsoft Visual Studio Solution File, Format Version 12.00
# Visual Studio Version 16
VisualStudioVersion = 16.0.30406.217
MinimumVisualStudioVersion = 10.0.40219.1
Project("{FAE04EC0-301F-11D3-BF4B-00C04F79EFBC}") = "Web", "Web\Web.csproj", "{074FFEDA-DC3B-409D-A1E3-BE7073C5C385}"
EndProject
Global
	GlobalSection(SolutionConfigurationPlatforms) = preSolution
		Debug|Any CPU = Debug|Any CPU
		Release|Any CPU = Release|Any CPU
	EndGlobalSection
	GlobalSection(ProjectConfigurationPlatforms) = postSolution
		{074FFEDA-DC3B-409D-A1E3-BE7073C5C385}.Debug|Any CPU.ActiveCfg = Debug|Any CPU
		{074FFEDA-DC3B-409D-A1E3-BE7073C5C385}.Debug|Any CPU.Build.0 = Debug|Any CPU
		{074FFEDA-DC3B-409D-A1E3-BE7073C5C385}.Release|Any CPU.ActiveCfg = Release|Any CPU
		{074FFEDA-DC3B-409D-A1E3-BE7073C5C385}.Release|Any CPU.Build.0 = Release|Any CPU
	EndGlobalSection
	GlobalSection(SolutionProperties) = preSolution
		HideSolutionNode = FALSE
	EndGlobalSection
	GlobalSection(ExtensibilityGlobals) = postSolution
		SolutionGuid = {973DDC5F-E8FB-436D-B1A0-95099BE90243}
	EndGlobalSection
EndGlobal
